
Microsoft Visual Studio Solution File, Format Version 12.00
# Visual Studio 2013
VisualStudioVersion = 12.0.21005.1
MinimumVisualStudioVersion = 10.0.40219.1
Project("{2150E333-8FDC-42A3-9474-1A3956D46DE8}") = "1-Design and Files", "1-Design and Files", "{54020D4F-8035-4AB3-BA6A-2F102578ADC7}"
EndProject
Project("{2150E333-8FDC-42A3-9474-1A3956D46DE8}") = "2-Presentation", "2-Presentation", "{9F6EA775-7120-4968-92E8-1AF36CC8F9F7}"
EndProject
Project("{2150E333-8FDC-42A3-9474-1A3956D46DE8}") = "3-Application", "3-Application", "{DC7FA626-D2D6-44A1-A926-C09EC5F3CECA}"
EndProject
Project("{2150E333-8FDC-42A3-9474-1A3956D46DE8}") = "4-BusinessLogicLayer", "4-BusinessLogicLayer", "{6B45BC5D-EC69-44F8-B09E-AF05B14FAFED}"
EndProject
Project("{2150E333-8FDC-42A3-9474-1A3956D46DE8}") = "5-Infrastructure", "5-Infrastructure", "{8F7632F2-A83C-4DCA-A642-F8DDBC1A1660}"
EndProject
Project("{FAE04EC0-301F-11D3-BF4B-00C04F79EFBC}") = "DFHE.Topic.API", "DFHE.Topic.API\DFHE.Topic.API.csproj", "{A67A33BF-0CA2-493F-BFF7-04F6DED49280}"
EndProject
Project("{FAE04EC0-301F-11D3-BF4B-00C04F79EFBC}") = "DFHE.Topic.Configuration", "DFHE.Topic.Configuration\DFHE.Topic.Configuration.csproj", "{5E4F2432-4BD9-4AE5-974D-9B65A11A7F4C}"
EndProject
Project("{FAE04EC0-301F-11D3-BF4B-00C04F79EFBC}") = "DFHE.Topic.Service", "DFHE.Topic.Service\DFHE.Topic.Service.csproj", "{752A1BB1-A462-4E2C-9D17-E73556BFCE84}"
EndProject
Project("{FAE04EC0-301F-11D3-BF4B-00C04F79EFBC}") = "DFHE.Topic.IService", "DFHE.Topic.IService\DFHE.Topic.IService.csproj", "{06188C02-85A1-414A-BE9F-0D48A4CC4DE5}"
EndProject
Project("{FAE04EC0-301F-11D3-BF4B-00C04F79EFBC}") = "DFHE.Topic.IRepository", "DFHE.Topic.IRepository\DFHE.Topic.IRepository.csproj", "{B0644B45-C9C5-4984-B8E5-48C0C72F4CE0}"
EndProject
Project("{FAE04EC0-301F-11D3-BF4B-00C04F79EFBC}") = "DFHE.Topic.Repository", "DFHE.Topic.Repository\DFHE.Topic.Repository.csproj", "{1F4AFF81-06FD-4166-82C1-5716130E76A3}"
EndProject
Project("{FAE04EC0-301F-11D3-BF4B-00C04F79EFBC}") = "DFHE.Topic.Model", "DFHE.Topic.Model\DFHE.Topic.Model.csproj", "{37A9E6E7-B8E7-476F-ABF9-319674BF46B9}"
EndProject
Project("{FAE04EC0-301F-11D3-BF4B-00C04F79EFBC}") = "DFHE.Topic.Utils", "DFHE.Topic.Utils\DFHE.Topic.Utils.csproj", "{92029E6B-E2CA-4038-BFF0-5F36889D8287}"
EndProject
Project("{FAE04EC0-301F-11D3-BF4B-00C04F79EFBC}") = "DFHE.Topic.UI", "DFHE.Topic.UI\DFHE.Topic.UI.csproj", "{71F9FE21-6D7D-4DBC-BBE7-99A8733E640D}"
EndProject
Global
	GlobalSection(SolutionConfigurationPlatforms) = preSolution
		Debug|Any CPU = Debug|Any CPU
		Release|Any CPU = Release|Any CPU
	EndGlobalSection
	GlobalSection(ProjectConfigurationPlatforms) = postSolution
		{A67A33BF-0CA2-493F-BFF7-04F6DED49280}.Debug|Any CPU.ActiveCfg = Debug|Any CPU
		{A67A33BF-0CA2-493F-BFF7-04F6DED49280}.Debug|Any CPU.Build.0 = Debug|Any CPU
		{A67A33BF-0CA2-493F-BFF7-04F6DED49280}.Release|Any CPU.ActiveCfg = Release|Any CPU
		{A67A33BF-0CA2-493F-BFF7-04F6DED49280}.Release|Any CPU.Build.0 = Release|Any CPU
		{5E4F2432-4BD9-4AE5-974D-9B65A11A7F4C}.Debug|Any CPU.ActiveCfg = Debug|Any CPU
		{5E4F2432-4BD9-4AE5-974D-9B65A11A7F4C}.Debug|Any CPU.Build.0 = Debug|Any CPU
		{5E4F2432-4BD9-4AE5-974D-9B65A11A7F4C}.Release|Any CPU.ActiveCfg = Release|Any CPU
		{5E4F2432-4BD9-4AE5-974D-9B65A11A7F4C}.Release|Any CPU.Build.0 = Release|Any CPU
		{752A1BB1-A462-4E2C-9D17-E73556BFCE84}.Debug|Any CPU.ActiveCfg = Debug|Any CPU
		{752A1BB1-A462-4E2C-9D17-E73556BFCE84}.Debug|Any CPU.Build.0 = Debug|Any CPU
		{752A1BB1-A462-4E2C-9D17-E73556BFCE84}.Release|Any CPU.ActiveCfg = Release|Any CPU
		{752A1BB1-A462-4E2C-9D17-E73556BFCE84}.Release|Any CPU.Build.0 = Release|Any CPU
		{06188C02-85A1-414A-BE9F-0D48A4CC4DE5}.Debug|Any CPU.ActiveCfg = Debug|Any CPU
		{06188C02-85A1-414A-BE9F-0D48A4CC4DE5}.Debug|Any CPU.Build.0 = Debug|Any CPU
		{06188C02-85A1-414A-BE9F-0D48A4CC4DE5}.Release|Any CPU.ActiveCfg = Release|Any CPU
		{06188C02-85A1-414A-BE9F-0D48A4CC4DE5}.Release|Any CPU.Build.0 = Release|Any CPU
		{B0644B45-C9C5-4984-B8E5-48C0C72F4CE0}.Debug|Any CPU.ActiveCfg = Debug|Any CPU
		{B0644B45-C9C5-4984-B8E5-48C0C72F4CE0}.Debug|Any CPU.Build.0 = Debug|Any CPU
		{B0644B45-C9C5-4984-B8E5-48C0C72F4CE0}.Release|Any CPU.ActiveCfg = Release|Any CPU
		{B0644B45-C9C5-4984-B8E5-48C0C72F4CE0}.Release|Any CPU.Build.0 = Release|Any CPU
		{1F4AFF81-06FD-4166-82C1-5716130E76A3}.Debug|Any CPU.ActiveCfg = Debug|Any CPU
		{1F4AFF81-06FD-4166-82C1-5716130E76A3}.Debug|Any CPU.Build.0 = Debug|Any CPU
		{1F4AFF81-06FD-4166-82C1-5716130E76A3}.Release|Any CPU.ActiveCfg = Release|Any CPU
		{1F4AFF81-06FD-4166-82C1-5716130E76A3}.Release|Any CPU.Build.0 = Release|Any CPU
		{37A9E6E7-B8E7-476F-ABF9-319674BF46B9}.Debug|Any CPU.ActiveCfg = Debug|Any CPU
		{37A9E6E7-B8E7-476F-ABF9-319674BF46B9}.Debug|Any CPU.Build.0 = Debug|Any CPU
		{37A9E6E7-B8E7-476F-ABF9-319674BF46B9}.Release|Any CPU.ActiveCfg = Release|Any CPU
		{37A9E6E7-B8E7-476F-ABF9-319674BF46B9}.Release|Any CPU.Build.0 = Release|Any CPU
		{92029E6B-E2CA-4038-BFF0-5F36889D8287}.Debug|Any CPU.ActiveCfg = Debug|Any CPU
		{92029E6B-E2CA-4038-BFF0-5F36889D8287}.Debug|Any CPU.Build.0 = Debug|Any CPU
		{92029E6B-E2CA-4038-BFF0-5F36889D8287}.Release|Any CPU.ActiveCfg = Release|Any CPU
		{92029E6B-E2CA-4038-BFF0-5F36889D8287}.Release|Any CPU.Build.0 = Release|Any CPU
		{71F9FE21-6D7D-4DBC-BBE7-99A8733E640D}.Debug|Any CPU.ActiveCfg = Debug|Any CPU
		{71F9FE21-6D7D-4DBC-BBE7-99A8733E640D}.Debug|Any CPU.Build.0 = Debug|Any CPU
		{71F9FE21-6D7D-4DBC-BBE7-99A8733E640D}.Release|Any CPU.ActiveCfg = Release|Any CPU
		{71F9FE21-6D7D-4DBC-BBE7-99A8733E640D}.Release|Any CPU.Build.0 = Release|Any CPU
	EndGlobalSection
	GlobalSection(SolutionProperties) = preSolution
		HideSolutionNode = FALSE
	EndGlobalSection
	GlobalSection(NestedProjects) = preSolution
		{A67A33BF-0CA2-493F-BFF7-04F6DED49280} = {9F6EA775-7120-4968-92E8-1AF36CC8F9F7}
		{71F9FE21-6D7D-4DBC-BBE7-99A8733E640D} = {9F6EA775-7120-4968-92E8-1AF36CC8F9F7}
		{5E4F2432-4BD9-4AE5-974D-9B65A11A7F4C} = {DC7FA626-D2D6-44A1-A926-C09EC5F3CECA}
		{752A1BB1-A462-4E2C-9D17-E73556BFCE84} = {6B45BC5D-EC69-44F8-B09E-AF05B14FAFED}
		{06188C02-85A1-414A-BE9F-0D48A4CC4DE5} = {6B45BC5D-EC69-44F8-B09E-AF05B14FAFED}
		{B0644B45-C9C5-4984-B8E5-48C0C72F4CE0} = {8F7632F2-A83C-4DCA-A642-F8DDBC1A1660}
		{1F4AFF81-06FD-4166-82C1-5716130E76A3} = {8F7632F2-A83C-4DCA-A642-F8DDBC1A1660}
		{37A9E6E7-B8E7-476F-ABF9-319674BF46B9} = {8F7632F2-A83C-4DCA-A642-F8DDBC1A1660}
		{92029E6B-E2CA-4038-BFF0-5F36889D8287} = {8F7632F2-A83C-4DCA-A642-F8DDBC1A1660}
	EndGlobalSection
EndGlobal
